// !$*UTF8*$!
{
	archiveVersion = 1;
	classes = {
	};
	objectVersion = 50;
	objects = {

/* Begin PBXBuildFile section */
		6E16E60B0A56D84658ABD89D /* Pods_Haircutter.framework in Frameworks */ = {isa = PBXBuildFile; fileRef = 4D3FA6BA7A45CFF8BB353B58 /* Pods_Haircutter.framework */; };
		8CD62F3A21822E5B00E37584 /* AppDelegate.swift in Sources */ = {isa = PBXBuildFile; fileRef = 8CD62F3921822E5B00E37584 /* AppDelegate.swift */; };
		8CD62F4121822E5C00E37584 /* Assets.xcassets in Resources */ = {isa = PBXBuildFile; fileRef = 8CD62F4021822E5C00E37584 /* Assets.xcassets */; };
		8CD62F4421822E5D00E37584 /* LaunchScreen.storyboard in Resources */ = {isa = PBXBuildFile; fileRef = 8CD62F4221822E5C00E37584 /* LaunchScreen.storyboard */; };
		8CFEF9D22182344800D5D722 /* Constants.swift in Sources */ = {isa = PBXBuildFile; fileRef = 8CFEF9D12182344800D5D722 /* Constants.swift */; };
		8CFEF9D42182346700D5D722 /* Initializable.swift in Sources */ = {isa = PBXBuildFile; fileRef = 8CFEF9D32182346700D5D722 /* Initializable.swift */; };
		8CFEF9DF2182352900D5D722 /* InteractorInterface.swift in Sources */ = {isa = PBXBuildFile; fileRef = 8CFEF9DA2182352900D5D722 /* InteractorInterface.swift */; };
		8CFEF9E02182352900D5D722 /* ViewInterface.swift in Sources */ = {isa = PBXBuildFile; fileRef = 8CFEF9DB2182352900D5D722 /* ViewInterface.swift */; };
		8CFEF9E12182352900D5D722 /* BaseWireframe.swift in Sources */ = {isa = PBXBuildFile; fileRef = 8CFEF9DC2182352900D5D722 /* BaseWireframe.swift */; };
		8CFEF9E22182352900D5D722 /* PresenterInterface.swift in Sources */ = {isa = PBXBuildFile; fileRef = 8CFEF9DD2182352900D5D722 /* PresenterInterface.swift */; };
		8CFEF9E32182352900D5D722 /* UIStoryboardExtension.swift in Sources */ = {isa = PBXBuildFile; fileRef = 8CFEF9DE2182352900D5D722 /* UIStoryboardExtension.swift */; };
		8CFEF9EA2182354700D5D722 /* Login.storyboard in Resources */ = {isa = PBXBuildFile; fileRef = 8CFEF9E42182354700D5D722 /* Login.storyboard */; };
		8CFEF9EB2182354700D5D722 /* LoginInterfaces.swift in Sources */ = {isa = PBXBuildFile; fileRef = 8CFEF9E52182354700D5D722 /* LoginInterfaces.swift */; };
		8CFEF9EC2182354700D5D722 /* LoginPresenter.swift in Sources */ = {isa = PBXBuildFile; fileRef = 8CFEF9E62182354700D5D722 /* LoginPresenter.swift */; };
		8CFEF9ED2182354700D5D722 /* LoginViewController.swift in Sources */ = {isa = PBXBuildFile; fileRef = 8CFEF9E72182354700D5D722 /* LoginViewController.swift */; };
		8CFEF9EE2182354700D5D722 /* LoginInteractor.swift in Sources */ = {isa = PBXBuildFile; fileRef = 8CFEF9E82182354700D5D722 /* LoginInteractor.swift */; };
		8CFEF9EF2182354700D5D722 /* LoginWireframe.swift in Sources */ = {isa = PBXBuildFile; fileRef = 8CFEF9E92182354700D5D722 /* LoginWireframe.swift */; };
/* End PBXBuildFile section */

/* Begin PBXFileReference section */
		4D3FA6BA7A45CFF8BB353B58 /* Pods_Haircutter.framework */ = {isa = PBXFileReference; explicitFileType = wrapper.framework; includeInIndex = 0; path = Pods_Haircutter.framework; sourceTree = BUILT_PRODUCTS_DIR; };
		638FD2AFD543F6415AAAF9CE /* Pods-Haircutter.release.xcconfig */ = {isa = PBXFileReference; includeInIndex = 1; lastKnownFileType = text.xcconfig; name = "Pods-Haircutter.release.xcconfig"; path = "Pods/Target Support Files/Pods-Haircutter/Pods-Haircutter.release.xcconfig"; sourceTree = "<group>"; };
		8CD62F3621822E5B00E37584 /* Haircutter.app */ = {isa = PBXFileReference; explicitFileType = wrapper.application; includeInIndex = 0; path = Haircutter.app; sourceTree = BUILT_PRODUCTS_DIR; };
		8CD62F3921822E5B00E37584 /* AppDelegate.swift */ = {isa = PBXFileReference; lastKnownFileType = sourcecode.swift; path = AppDelegate.swift; sourceTree = "<group>"; };
		8CD62F4021822E5C00E37584 /* Assets.xcassets */ = {isa = PBXFileReference; lastKnownFileType = folder.assetcatalog; path = Assets.xcassets; sourceTree = "<group>"; };
		8CD62F4321822E5C00E37584 /* Base */ = {isa = PBXFileReference; lastKnownFileType = file.storyboard; name = Base; path = Base.lproj/LaunchScreen.storyboard; sourceTree = "<group>"; };
		8CD62F4521822E5D00E37584 /* Info.plist */ = {isa = PBXFileReference; lastKnownFileType = text.plist.xml; path = Info.plist; sourceTree = "<group>"; };
		8CFEF9D12182344800D5D722 /* Constants.swift */ = {isa = PBXFileReference; lastKnownFileType = sourcecode.swift; path = Constants.swift; sourceTree = "<group>"; };
		8CFEF9D32182346700D5D722 /* Initializable.swift */ = {isa = PBXFileReference; lastKnownFileType = sourcecode.swift; path = Initializable.swift; sourceTree = "<group>"; };
		8CFEF9DA2182352900D5D722 /* InteractorInterface.swift */ = {isa = PBXFileReference; fileEncoding = 4; lastKnownFileType = sourcecode.swift; path = InteractorInterface.swift; sourceTree = "<group>"; };
		8CFEF9DB2182352900D5D722 /* ViewInterface.swift */ = {isa = PBXFileReference; fileEncoding = 4; lastKnownFileType = sourcecode.swift; path = ViewInterface.swift; sourceTree = "<group>"; };
		8CFEF9DC2182352900D5D722 /* BaseWireframe.swift */ = {isa = PBXFileReference; fileEncoding = 4; lastKnownFileType = sourcecode.swift; path = BaseWireframe.swift; sourceTree = "<group>"; };
		8CFEF9DD2182352900D5D722 /* PresenterInterface.swift */ = {isa = PBXFileReference; fileEncoding = 4; lastKnownFileType = sourcecode.swift; path = PresenterInterface.swift; sourceTree = "<group>"; };
		8CFEF9DE2182352900D5D722 /* UIStoryboardExtension.swift */ = {isa = PBXFileReference; fileEncoding = 4; lastKnownFileType = sourcecode.swift; path = UIStoryboardExtension.swift; sourceTree = "<group>"; };
		8CFEF9E42182354700D5D722 /* Login.storyboard */ = {isa = PBXFileReference; lastKnownFileType = file.storyboard; path = Login.storyboard; sourceTree = "<group>"; };
		8CFEF9E52182354700D5D722 /* LoginInterfaces.swift */ = {isa = PBXFileReference; lastKnownFileType = sourcecode.swift; path = LoginInterfaces.swift; sourceTree = "<group>"; };
		8CFEF9E62182354700D5D722 /* LoginPresenter.swift */ = {isa = PBXFileReference; lastKnownFileType = sourcecode.swift; path = LoginPresenter.swift; sourceTree = "<group>"; };
		8CFEF9E72182354700D5D722 /* LoginViewController.swift */ = {isa = PBXFileReference; lastKnownFileType = sourcecode.swift; path = LoginViewController.swift; sourceTree = "<group>"; };
		8CFEF9E82182354700D5D722 /* LoginInteractor.swift */ = {isa = PBXFileReference; lastKnownFileType = sourcecode.swift; path = LoginInteractor.swift; sourceTree = "<group>"; };
		8CFEF9E92182354700D5D722 /* LoginWireframe.swift */ = {isa = PBXFileReference; lastKnownFileType = sourcecode.swift; path = LoginWireframe.swift; sourceTree = "<group>"; };
		9DD2632A2F967271FBCCD453 /* Pods-Haircutter.debug.xcconfig */ = {isa = PBXFileReference; includeInIndex = 1; lastKnownFileType = text.xcconfig; name = "Pods-Haircutter.debug.xcconfig"; path = "Pods/Target Support Files/Pods-Haircutter/Pods-Haircutter.debug.xcconfig"; sourceTree = "<group>"; };
/* End PBXFileReference section */

/* Begin PBXFrameworksBuildPhase section */
		8CD62F3321822E5B00E37584 /* Frameworks */ = {
			isa = PBXFrameworksBuildPhase;
			buildActionMask = 2147483647;
			files = (
				6E16E60B0A56D84658ABD89D /* Pods_Haircutter.framework in Frameworks */,
			);
			runOnlyForDeploymentPostprocessing = 0;
		};
/* End PBXFrameworksBuildPhase section */

/* Begin PBXGroup section */
		8CD62F2D21822E5B00E37584 = {
			isa = PBXGroup;
			children = (
				8CD62F3821822E5B00E37584 /* Haircutter */,
				8CD62F3721822E5B00E37584 /* Products */,
				AC8A45F3A99E1F17E7BEF430 /* Pods */,
				E5E16D118313314A43B2E079 /* Frameworks */,
			);
			sourceTree = "<group>";
		};
		8CD62F3721822E5B00E37584 /* Products */ = {
			isa = PBXGroup;
			children = (
				8CD62F3621822E5B00E37584 /* Haircutter.app */,
			);
			name = Products;
			sourceTree = "<group>";
		};
		8CD62F3821822E5B00E37584 /* Haircutter */ = {
			isa = PBXGroup;
			children = (
				8CD62F4F2182321B00E37584 /* Application */,
				8CD62F4E2182320E00E37584 /* Common */,
				8CD62F4D2182320500E37584 /* Modules */,
				8CD62F4C218231FB00E37584 /* Resources */,
				8CD62F4B218231ED00E37584 /* Supporting Files */,
			);
			path = Haircutter;
			sourceTree = "<group>";
		};
		8CD62F4B218231ED00E37584 /* Supporting Files */ = {
			isa = PBXGroup;
			children = (
				8CD62F4221822E5C00E37584 /* LaunchScreen.storyboard */,
				8CD62F4521822E5D00E37584 /* Info.plist */,
			);
			path = "Supporting Files";
			sourceTree = "<group>";
		};
		8CD62F4C218231FB00E37584 /* Resources */ = {
			isa = PBXGroup;
			children = (
				8CD62F4021822E5C00E37584 /* Assets.xcassets */,
			);
			path = Resources;
			sourceTree = "<group>";
		};
		8CD62F4D2182320500E37584 /* Modules */ = {
			isa = PBXGroup;
			children = (
				8CFEF9CF218233FB00D5D722 /* Login */,
			);
			path = Modules;
			sourceTree = "<group>";
		};
		8CD62F4E2182320E00E37584 /* Common */ = {
			isa = PBXGroup;
			children = (
				8CFEF9D9218234DE00D5D722 /* Models */,
				8CFEF9D8218234D400D5D722 /* API */,
				8CFEF9D7218234C100D5D722 /* Extensions */,
				8CFEF9D52182348100D5D722 /* Views */,
				8CFEF9D62182349F00D5D722 /* VIPER */,
			);
			path = Common;
			sourceTree = "<group>";
		};
		8CD62F4F2182321B00E37584 /* Application */ = {
			isa = PBXGroup;
			children = (
				8CFEF9D02182342C00D5D722 /* Initializers */,
				8CD62F3921822E5B00E37584 /* AppDelegate.swift */,
				8CFEF9D12182344800D5D722 /* Constants.swift */,
			);
			path = Application;
			sourceTree = "<group>";
		};
		8CFEF9CF218233FB00D5D722 /* Login */ = {
			isa = PBXGroup;
			children = (
				8CFEF9E42182354700D5D722 /* Login.storyboard */,
				8CFEF9E52182354700D5D722 /* LoginInterfaces.swift */,
				8CFEF9E62182354700D5D722 /* LoginPresenter.swift */,
				8CFEF9E72182354700D5D722 /* LoginViewController.swift */,
				8CFEF9E82182354700D5D722 /* LoginInteractor.swift */,
				8CFEF9E92182354700D5D722 /* LoginWireframe.swift */,
			);
			path = Login;
			sourceTree = "<group>";
		};
		8CFEF9D02182342C00D5D722 /* Initializers */ = {
			isa = PBXGroup;
			children = (
				8CFEF9D32182346700D5D722 /* Initializable.swift */,
			);
			path = Initializers;
			sourceTree = "<group>";
		};
		8CFEF9D52182348100D5D722 /* Views */ = {
			isa = PBXGroup;
			children = (
			);
			path = Views;
			sourceTree = "<group>";
		};
		8CFEF9D62182349F00D5D722 /* VIPER */ = {
			isa = PBXGroup;
			children = (
				8CFEF9DC2182352900D5D722 /* BaseWireframe.swift */,
				8CFEF9DA2182352900D5D722 /* InteractorInterface.swift */,
				8CFEF9DD2182352900D5D722 /* PresenterInterface.swift */,
				8CFEF9DE2182352900D5D722 /* UIStoryboardExtension.swift */,
				8CFEF9DB2182352900D5D722 /* ViewInterface.swift */,
			);
			path = VIPER;
			sourceTree = "<group>";
		};
		8CFEF9D7218234C100D5D722 /* Extensions */ = {
			isa = PBXGroup;
			children = (
			);
			path = Extensions;
			sourceTree = "<group>";
		};
		8CFEF9D8218234D400D5D722 /* API */ = {
			isa = PBXGroup;
			children = (
			);
			path = API;
			sourceTree = "<group>";
		};
		8CFEF9D9218234DE00D5D722 /* Models */ = {
			isa = PBXGroup;
			children = (
			);
			path = Models;
			sourceTree = "<group>";
		};
		AC8A45F3A99E1F17E7BEF430 /* Pods */ = {
			isa = PBXGroup;
			children = (
				9DD2632A2F967271FBCCD453 /* Pods-Haircutter.debug.xcconfig */,
				638FD2AFD543F6415AAAF9CE /* Pods-Haircutter.release.xcconfig */,
			);
			name = Pods;
			sourceTree = "<group>";
		};
		E5E16D118313314A43B2E079 /* Frameworks */ = {
			isa = PBXGroup;
			children = (
				4D3FA6BA7A45CFF8BB353B58 /* Pods_Haircutter.framework */,
			);
			name = Frameworks;
			sourceTree = "<group>";
		};
/* End PBXGroup section */

/* Begin PBXNativeTarget section */
		8CD62F3521822E5B00E37584 /* Haircutter */ = {
			isa = PBXNativeTarget;
			buildConfigurationList = 8CD62F4821822E5D00E37584 /* Build configuration list for PBXNativeTarget "Haircutter" */;
			buildPhases = (
				CE2019FEAC2C5FBDF70DEB37 /* [CP] Check Pods Manifest.lock */,
				8CD62F3221822E5B00E37584 /* Sources */,
				8CD62F3321822E5B00E37584 /* Frameworks */,
				8CD62F3421822E5B00E37584 /* Resources */,
			);
			buildRules = (
			);
			dependencies = (
			);
			name = Haircutter;
			productName = Haircutter;
			productReference = 8CD62F3621822E5B00E37584 /* Haircutter.app */;
			productType = "com.apple.product-type.application";
		};
/* End PBXNativeTarget section */

/* Begin PBXProject section */
		8CD62F2E21822E5B00E37584 /* Project object */ = {
			isa = PBXProject;
			attributes = {
				LastSwiftUpdateCheck = 1000;
				LastUpgradeCheck = 1000;
				ORGANIZATIONNAME = "Ivan Milicevic";
				TargetAttributes = {
					8CD62F3521822E5B00E37584 = {
						CreatedOnToolsVersion = 10.0;
					};
				};
			};
			buildConfigurationList = 8CD62F3121822E5B00E37584 /* Build configuration list for PBXProject "Haircutter" */;
			compatibilityVersion = "Xcode 9.3";
			developmentRegion = en;
			hasScannedForEncodings = 0;
			knownRegions = (
				en,
				Base,
			);
			mainGroup = 8CD62F2D21822E5B00E37584;
			productRefGroup = 8CD62F3721822E5B00E37584 /* Products */;
			projectDirPath = "";
			projectRoot = "";
			targets = (
				8CD62F3521822E5B00E37584 /* Haircutter */,
			);
		};
/* End PBXProject section */

/* Begin PBXResourcesBuildPhase section */
		8CD62F3421822E5B00E37584 /* Resources */ = {
			isa = PBXResourcesBuildPhase;
			buildActionMask = 2147483647;
			files = (
				8CD62F4421822E5D00E37584 /* LaunchScreen.storyboard in Resources */,
				8CD62F4121822E5C00E37584 /* Assets.xcassets in Resources */,
				8CFEF9EA2182354700D5D722 /* Login.storyboard in Resources */,
			);
			runOnlyForDeploymentPostprocessing = 0;
		};
/* End PBXResourcesBuildPhase section */

/* Begin PBXShellScriptBuildPhase section */
		CE2019FEAC2C5FBDF70DEB37 /* [CP] Check Pods Manifest.lock */ = {
			isa = PBXShellScriptBuildPhase;
			buildActionMask = 2147483647;
			files = (
			);
			inputFileListPaths = (
			);
			inputPaths = (
				"${PODS_PODFILE_DIR_PATH}/Podfile.lock",
				"${PODS_ROOT}/Manifest.lock",
			);
			name = "[CP] Check Pods Manifest.lock";
			outputFileListPaths = (
			);
			outputPaths = (
				"$(DERIVED_FILE_DIR)/Pods-Haircutter-checkManifestLockResult.txt",
			);
			runOnlyForDeploymentPostprocessing = 0;
			shellPath = /bin/sh;
			shellScript = "diff \"${PODS_PODFILE_DIR_PATH}/Podfile.lock\" \"${PODS_ROOT}/Manifest.lock\" > /dev/null\nif [ $? != 0 ] ; then\n    # print error to STDERR\n    echo \"error: The sandbox is not in sync with the Podfile.lock. Run 'pod install' or update your CocoaPods installation.\" >&2\n    exit 1\nfi\n# This output is used by Xcode 'outputs' to avoid re-running this script phase.\necho \"SUCCESS\" > \"${SCRIPT_OUTPUT_FILE_0}\"\n";
			showEnvVarsInLog = 0;
		};
/* End PBXShellScriptBuildPhase section */

/* Begin PBXSourcesBuildPhase section */
		8CD62F3221822E5B00E37584 /* Sources */ = {
			isa = PBXSourcesBuildPhase;
			buildActionMask = 2147483647;
			files = (
				8CFEF9E02182352900D5D722 /* ViewInterface.swift in Sources */,
				8CFEF9DF2182352900D5D722 /* InteractorInterface.swift in Sources */,
				8CFEF9E32182352900D5D722 /* UIStoryboardExtension.swift in Sources */,
				8CD62F3A21822E5B00E37584 /* AppDelegate.swift in Sources */,
				8CFEF9EC2182354700D5D722 /* LoginPresenter.swift in Sources */,
				8CFEF9E12182352900D5D722 /* BaseWireframe.swift in Sources */,
				8CFEF9EB2182354700D5D722 /* LoginInterfaces.swift in Sources */,
				8CFEF9D42182346700D5D722 /* Initializable.swift in Sources */,
				8CFEF9EE2182354700D5D722 /* LoginInteractor.swift in Sources */,
				8CFEF9D22182344800D5D722 /* Constants.swift in Sources */,
				8CFEF9E22182352900D5D722 /* PresenterInterface.swift in Sources */,
				8CFEF9ED2182354700D5D722 /* LoginViewController.swift in Sources */,
				8CFEF9EF2182354700D5D722 /* LoginWireframe.swift in Sources */,
			);
			runOnlyForDeploymentPostprocessing = 0;
		};
/* End PBXSourcesBuildPhase section */

/* Begin PBXVariantGroup section */
		8CD62F4221822E5C00E37584 /* LaunchScreen.storyboard */ = {
			isa = PBXVariantGroup;
			children = (
				8CD62F4321822E5C00E37584 /* Base */,
			);
			name = LaunchScreen.storyboard;
			sourceTree = "<group>";
		};
/* End PBXVariantGroup section */

/* Begin XCBuildConfiguration section */
		8CD62F4621822E5D00E37584 /* Debug */ = {
			isa = XCBuildConfiguration;
			buildSettings = {
				ALWAYS_SEARCH_USER_PATHS = NO;
				CLANG_ANALYZER_NONNULL = YES;
				CLANG_ANALYZER_NUMBER_OBJECT_CONVERSION = YES_AGGRESSIVE;
				CLANG_CXX_LANGUAGE_STANDARD = "gnu++14";
				CLANG_CXX_LIBRARY = "libc++";
				CLANG_ENABLE_MODULES = YES;
				CLANG_ENABLE_OBJC_ARC = YES;
				CLANG_ENABLE_OBJC_WEAK = YES;
				CLANG_WARN_BLOCK_CAPTURE_AUTORELEASING = YES;
				CLANG_WARN_BOOL_CONVERSION = YES;
				CLANG_WARN_COMMA = YES;
				CLANG_WARN_CONSTANT_CONVERSION = YES;
				CLANG_WARN_DEPRECATED_OBJC_IMPLEMENTATIONS = YES;
				CLANG_WARN_DIRECT_OBJC_ISA_USAGE = YES_ERROR;
				CLANG_WARN_DOCUMENTATION_COMMENTS = YES;
				CLANG_WARN_EMPTY_BODY = YES;
				CLANG_WARN_ENUM_CONVERSION = YES;
				CLANG_WARN_INFINITE_RECURSION = YES;
				CLANG_WARN_INT_CONVERSION = YES;
				CLANG_WARN_NON_LITERAL_NULL_CONVERSION = YES;
				CLANG_WARN_OBJC_IMPLICIT_RETAIN_SELF = YES;
				CLANG_WARN_OBJC_LITERAL_CONVERSION = YES;
				CLANG_WARN_OBJC_ROOT_CLASS = YES_ERROR;
				CLANG_WARN_RANGE_LOOP_ANALYSIS = YES;
				CLANG_WARN_STRICT_PROTOTYPES = YES;
				CLANG_WARN_SUSPICIOUS_MOVE = YES;
				CLANG_WARN_UNGUARDED_AVAILABILITY = YES_AGGRESSIVE;
				CLANG_WARN_UNREACHABLE_CODE = YES;
				CLANG_WARN__DUPLICATE_METHOD_MATCH = YES;
				CODE_SIGN_IDENTITY = "iPhone Developer";
				COPY_PHASE_STRIP = NO;
				DEBUG_INFORMATION_FORMAT = dwarf;
				ENABLE_STRICT_OBJC_MSGSEND = YES;
				ENABLE_TESTABILITY = YES;
				GCC_C_LANGUAGE_STANDARD = gnu11;
				GCC_DYNAMIC_NO_PIC = NO;
				GCC_NO_COMMON_BLOCKS = YES;
				GCC_OPTIMIZATION_LEVEL = 0;
				GCC_PREPROCESSOR_DEFINITIONS = (
					"DEBUG=1",
					"$(inherited)",
				);
				GCC_WARN_64_TO_32_BIT_CONVERSION = YES;
				GCC_WARN_ABOUT_RETURN_TYPE = YES_ERROR;
				GCC_WARN_UNDECLARED_SELECTOR = YES;
				GCC_WARN_UNINITIALIZED_AUTOS = YES_AGGRESSIVE;
				GCC_WARN_UNUSED_FUNCTION = YES;
				GCC_WARN_UNUSED_VARIABLE = YES;
				IPHONEOS_DEPLOYMENT_TARGET = 12.0;
				MTL_ENABLE_DEBUG_INFO = INCLUDE_SOURCE;
				MTL_FAST_MATH = YES;
				ONLY_ACTIVE_ARCH = YES;
				SDKROOT = iphoneos;
				SWIFT_ACTIVE_COMPILATION_CONDITIONS = DEBUG;
				SWIFT_OPTIMIZATION_LEVEL = "-Onone";
			};
			name = Debug;
		};
		8CD62F4721822E5D00E37584 /* Release */ = {
			isa = XCBuildConfiguration;
			buildSettings = {
				ALWAYS_SEARCH_USER_PATHS = NO;
				CLANG_ANALYZER_NONNULL = YES;
				CLANG_ANALYZER_NUMBER_OBJECT_CONVERSION = YES_AGGRESSIVE;
				CLANG_CXX_LANGUAGE_STANDARD = "gnu++14";
				CLANG_CXX_LIBRARY = "libc++";
				CLANG_ENABLE_MODULES = YES;
				CLANG_ENABLE_OBJC_ARC = YES;
				CLANG_ENABLE_OBJC_WEAK = YES;
				CLANG_WARN_BLOCK_CAPTURE_AUTORELEASING = YES;
				CLANG_WARN_BOOL_CONVERSION = YES;
				CLANG_WARN_COMMA = YES;
				CLANG_WARN_CONSTANT_CONVERSION = YES;
				CLANG_WARN_DEPRECATED_OBJC_IMPLEMENTATIONS = YES;
				CLANG_WARN_DIRECT_OBJC_ISA_USAGE = YES_ERROR;
				CLANG_WARN_DOCUMENTATION_COMMENTS = YES;
				CLANG_WARN_EMPTY_BODY = YES;
				CLANG_WARN_ENUM_CONVERSION = YES;
				CLANG_WARN_INFINITE_RECURSION = YES;
				CLANG_WARN_INT_CONVERSION = YES;
				CLANG_WARN_NON_LITERAL_NULL_CONVERSION = YES;
				CLANG_WARN_OBJC_IMPLICIT_RETAIN_SELF = YES;
				CLANG_WARN_OBJC_LITERAL_CONVERSION = YES;
				CLANG_WARN_OBJC_ROOT_CLASS = YES_ERROR;
				CLANG_WARN_RANGE_LOOP_ANALYSIS = YES;
				CLANG_WARN_STRICT_PROTOTYPES = YES;
				CLANG_WARN_SUSPICIOUS_MOVE = YES;
				CLANG_WARN_UNGUARDED_AVAILABILITY = YES_AGGRESSIVE;
				CLANG_WARN_UNREACHABLE_CODE = YES;
				CLANG_WARN__DUPLICATE_METHOD_MATCH = YES;
				CODE_SIGN_IDENTITY = "iPhone Developer";
				COPY_PHASE_STRIP = NO;
				DEBUG_INFORMATION_FORMAT = "dwarf-with-dsym";
				ENABLE_NS_ASSERTIONS = NO;
				ENABLE_STRICT_OBJC_MSGSEND = YES;
				GCC_C_LANGUAGE_STANDARD = gnu11;
				GCC_NO_COMMON_BLOCKS = YES;
				GCC_WARN_64_TO_32_BIT_CONVERSION = YES;
				GCC_WARN_ABOUT_RETURN_TYPE = YES_ERROR;
				GCC_WARN_UNDECLARED_SELECTOR = YES;
				GCC_WARN_UNINITIALIZED_AUTOS = YES_AGGRESSIVE;
				GCC_WARN_UNUSED_FUNCTION = YES;
				GCC_WARN_UNUSED_VARIABLE = YES;
				IPHONEOS_DEPLOYMENT_TARGET = 12.0;
				MTL_ENABLE_DEBUG_INFO = NO;
				MTL_FAST_MATH = YES;
				SDKROOT = iphoneos;
				SWIFT_COMPILATION_MODE = wholemodule;
				SWIFT_OPTIMIZATION_LEVEL = "-O";
				VALIDATE_PRODUCT = YES;
			};
			name = Release;
		};
		8CD62F4921822E5D00E37584 /* Debug */ = {
			isa = XCBuildConfiguration;
			baseConfigurationReference = 9DD2632A2F967271FBCCD453 /* Pods-Haircutter.debug.xcconfig */;
			buildSettings = {
				ASSETCATALOG_COMPILER_APPICON_NAME = AppIcon;
				CODE_SIGN_STYLE = Automatic;
				INFOPLIST_FILE = "$(SRCROOT)/Haircutter/Supporting Files/Info.plist";
				LD_RUNPATH_SEARCH_PATHS = (
					"$(inherited)",
					"@executable_path/Frameworks",
				);
				PRODUCT_BUNDLE_IDENTIFIER = mili.Haircutter;
				PRODUCT_NAME = "$(TARGET_NAME)";
				SWIFT_VERSION = 4.2;
				TARGETED_DEVICE_FAMILY = "1,2";
			};
			name = Debug;
		};
		8CD62F4A21822E5D00E37584 /* Release */ = {
			isa = XCBuildConfiguration;
			baseConfigurationReference = 638FD2AFD543F6415AAAF9CE /* Pods-Haircutter.release.xcconfig */;
			buildSettings = {
				ASSETCATALOG_COMPILER_APPICON_NAME = AppIcon;
				CODE_SIGN_STYLE = Automatic;
				INFOPLIST_FILE = "$(SRCROOT)/Haircutter/Supporting Files/Info.plist";
				LD_RUNPATH_SEARCH_PATHS = (
					"$(inherited)",
					"@executable_path/Frameworks",
				);
				PRODUCT_BUNDLE_IDENTIFIER = mili.Haircutter;
				PRODUCT_NAME = "$(TARGET_NAME)";
				SWIFT_VERSION = 4.2;
				TARGETED_DEVICE_FAMILY = "1,2";
			};
			name = Release;
		};
/* End XCBuildConfiguration section */

/* Begin XCConfigurationList section */
		8CD62F3121822E5B00E37584 /* Build configuration list for PBXProject "Haircutter" */ = {
			isa = XCConfigurationList;
			buildConfigurations = (
				8CD62F4621822E5D00E37584 /* Debug */,
				8CD62F4721822E5D00E37584 /* Release */,
			);
			defaultConfigurationIsVisible = 0;
			defaultConfigurationName = Release;
		};
		8CD62F4821822E5D00E37584 /* Build configuration list for PBXNativeTarget "Haircutter" */ = {
			isa = XCConfigurationList;
			buildConfigurations = (
				8CD62F4921822E5D00E37584 /* Debug */,
				8CD62F4A21822E5D00E37584 /* Release */,
			);
			defaultConfigurationIsVisible = 0;
			defaultConfigurationName = Release;
		};
/* End XCConfigurationList section */
	};
	rootObject = 8CD62F2E21822E5B00E37584 /* Project object */;
}
